
Microsoft Visual Studio Solution File, Format Version 12.00
# Visual Studio Version 16
VisualStudioVersion = 16.0.32901.82
MinimumVisualStudioVersion = 10.0.40219.1
Project("{8BC9CEB8-8B4A-11D0-8D11-00A0C91BC942}") = "击键", "击键.vcxproj", "{5CCE28C7-FC64-47F9-847B-AD316488EE77}"
EndProject
Global
	GlobalSection(SolutionConfigurationPlatforms) = preSolution
		Debug|x64 = Debug|x64
		Debug|x86 = Debug|x86
		Release|x64 = Release|x64
		Release|x86 = Release|x86
	EndGlobalSection
	GlobalSection(ProjectConfigurationPlatforms) = postSolution
		{5CCE28C7-FC64-47F9-847B-AD316488EE77}.Debug|x64.ActiveCfg = Debug|x64
		{5CCE28C7-FC64-47F9-847B-AD316488EE77}.Debug|x64.Build.0 = Debug|x64
		{5CCE28C7-FC64-47F9-847B-AD316488EE77}.Debug|x86.ActiveCfg = Debug|Win32
		{5CCE28C7-FC64-47F9-847B-AD316488EE77}.Debug|x86.Build.0 = Debug|Win32
		{5CCE28C7-FC64-47F9-847B-AD316488EE77}.Release|x64.ActiveCfg = Release|x64
		{5CCE28C7-FC64-47F9-847B-AD316488EE77}.Release|x64.Build.0 = Release|x64
		{5CCE28C7-FC64-47F9-847B-AD316488EE77}.Release|x86.ActiveCfg = Release|Win32
		{5CCE28C7-FC64-47F9-847B-AD316488EE77}.Release|x86.Build.0 = Release|Win32
	EndGlobalSection
	GlobalSection(SolutionProperties) = preSolution
		HideSolutionNode = FALSE
	EndGlobalSection
	GlobalSection(ExtensibilityGlobals) = postSolution
		SolutionGuid = {073633C9-2538-490B-BBC3-C7702B264F64}
	EndGlobalSection
EndGlobal
